
Microsoft Visual Studio Solution File, Format Version 12.00
# Visual Studio Version 17
VisualStudioVersion = 17.2.32630.192
MinimumVisualStudioVersion = 10.0.40219.1
Project("{9A19103F-16F7-4668-BE54-9A1E7A4F7556}") = "elevadortest", "elevadortest\elevadortest.csproj", "{D897EC77-0B8E-4AB3-A2A9-75E4DE7A73C6}"
EndProject
Project("{2150E333-8FDC-42A3-9474-1A3956D46DE8}") = "Solution Items", "Solution Items", "{56E2C56C-17ED-48E2-A739-3E7830CEBAE8}"
	ProjectSection(SolutionItems) = preProject
		.editorconfig = .editorconfig
	EndProjectSection
EndProject
Global
	GlobalSection(SolutionConfigurationPlatforms) = preSolution
		Debug|Any CPU = Debug|Any CPU
		Release|Any CPU = Release|Any CPU
	EndGlobalSection
	GlobalSection(ProjectConfigurationPlatforms) = postSolution
		{D897EC77-0B8E-4AB3-A2A9-75E4DE7A73C6}.Debug|Any CPU.ActiveCfg = Debug|Any CPU
		{D897EC77-0B8E-4AB3-A2A9-75E4DE7A73C6}.Debug|Any CPU.Build.0 = Debug|Any CPU
		{D897EC77-0B8E-4AB3-A2A9-75E4DE7A73C6}.Release|Any CPU.ActiveCfg = Release|Any CPU
		{D897EC77-0B8E-4AB3-A2A9-75E4DE7A73C6}.Release|Any CPU.Build.0 = Release|Any CPU
	EndGlobalSection
	GlobalSection(SolutionProperties) = preSolution
		HideSolutionNode = FALSE
	EndGlobalSection
	GlobalSection(ExtensibilityGlobals) = postSolution
		SolutionGuid = {04FB95A8-CEB6-492A-92FF-FDB64AE0CECE}
	EndGlobalSection
EndGlobal
